Microsoft Visual Studio Solution File, Format Version 12.00
# Visual Studio Version 16
VisualStudioVersion = 16.0.31321.278
MinimumVisualStudioVersion = 10.0.40219.1
Project("{9A19103F-16F7-4668-BE54-9A1E7A4F7556}") = "MongoPlugin", "MongoPlugin\MongoPlugin.csproj", "{47643477-B5A0-4154-B253-1A3511C7799B}"
EndProject
Project("{2150E333-8FDC-42A3-9474-1A3956D46DE8}") = "Solution Items", "Solution Items", "{9EC72C7E-9A2E-48B2-89C4-9956E58539CC}"
	ProjectSection(SolutionItems) = preProject
		package-lock.json = package-lock.json
		package.json = package.json
		postcss.config.js = postcss.config.js
		tsconfig.json = tsconfig.json
		webpack.config.js = webpack.config.js
	EndProjectSection
EndProject
Project("{2150E333-8FDC-42A3-9474-1A3956D46DE8}") = "scripts", "scripts", "{EEACD4B2-DB34-4286-939C-E334276AEB1A}"
	ProjectSection(SolutionItems) = preProject
		scripts\global.d.ts = scripts\global.d.ts
		scripts\Interfaces.ts = scripts\Interfaces.ts
	EndProjectSection
EndProject
Project("{2150E333-8FDC-42A3-9474-1A3956D46DE8}") = "src", "src", "{99A1CAF3-451C-469A-827A-5BB0DABAE152}"
	ProjectSection(SolutionItems) = preProject
		scripts\src\MongoPlugin.css = scripts\src\MongoPlugin.css
		scripts\src\MongoPlugin.html = scripts\src\MongoPlugin.html
		scripts\src\MongoPlugin.ts = scripts\src\MongoPlugin.ts
	EndProjectSection
EndProject
Project("{9A19103F-16F7-4668-BE54-9A1E7A4F7556}") = "TestMongoPlugin", "TestMongoPlugin\TestMongoPlugin.csproj", "{EF8E1B74-2B71-4749-A131-49254ED79046}"
EndProject
Global
	GlobalSection(SolutionConfigurationPlatforms) = preSolution
		Debug|Any CPU = Debug|Any CPU
		Release|Any CPU = Release|Any CPU
	EndGlobalSection
	GlobalSection(ProjectConfigurationPlatforms) = postSolution
		{47643477-B5A0-4154-B253-1A3511C7799B}.Debug|Any CPU.ActiveCfg = Debug|Any CPU
		{47643477-B5A0-4154-B253-1A3511C7799B}.Debug|Any CPU.Build.0 = Debug|Any CPU
		{47643477-B5A0-4154-B253-1A3511C7799B}.Release|Any CPU.ActiveCfg = Release|Any CPU
		{47643477-B5A0-4154-B253-1A3511C7799B}.Release|Any CPU.Build.0 = Release|Any CPU
		{EF8E1B74-2B71-4749-A131-49254ED79046}.Debug|Any CPU.ActiveCfg = Debug|Any CPU
		{EF8E1B74-2B71-4749-A131-49254ED79046}.Debug|Any CPU.Build.0 = Debug|Any CPU
		{EF8E1B74-2B71-4749-A131-49254ED79046}.Release|Any CPU.ActiveCfg = Release|Any CPU
		{EF8E1B74-2B71-4749-A131-49254ED79046}.Release|Any CPU.Build.0 = Release|Any CPU
	EndGlobalSection
	GlobalSection(SolutionProperties) = preSolution
		HideSolutionNode = FALSE
	EndGlobalSection
	GlobalSection(NestedProjects) = preSolution
		{99A1CAF3-451C-469A-827A-5BB0DABAE152} = {EEACD4B2-DB34-4286-939C-E334276AEB1A}
	EndGlobalSection
	GlobalSection(ExtensibilityGlobals) = postSolution
		SolutionGuid = {6ba07127-155b-4256-b58e-67bceaf61b2f}
	EndGlobalSection
EndGlobal
