
Microsoft Visual Studio Solution File, Format Version 12.00
# Visual Studio Version 16
VisualStudioVersion = 16.0.31321.278
MinimumVisualStudioVersion = 10.0.40219.1
Project("{FAE04EC0-301F-11D3-BF4B-00C04F79EFBC}") = "ReceiptPluginLink", "ReceiptPluginLink\ReceiptPluginLink.csproj", "{99c6039c-d0b0-4d97-a22f-227551f9dbaf}"
EndProject
Global
	GlobalSection(SolutionConfigurationPlatforms) = preSolution
		Debug|Any CPU = Debug|Any CPU
		Release|Any CPU = Release|Any CPU
	EndGlobalSection
	GlobalSection(ProjectConfigurationPlatforms) = postSolution
		{99c6039c-d0b0-4d97-a22f-227551f9dbaf}.Debug|Any CPU.ActiveCfg = Debug|Any CPU
		{99c6039c-d0b0-4d97-a22f-227551f9dbaf}.Debug|Any CPU.Build.0 = Debug|Any CPU
		{99c6039c-d0b0-4d97-a22f-227551f9dbaf}.Release|Any CPU.ActiveCfg = Release|Any CPU
		{99c6039c-d0b0-4d97-a22f-227551f9dbaf}.Release|Any CPU.Build.0 = Release|Any CPU
	EndGlobalSection
	GlobalSection(SolutionProperties) = preSolution
		HideSolutionNode = FALSE
	EndGlobalSection
	GlobalSection(ExtensibilityGlobals) = postSolution
		SolutionGuid = {a9394b1d-7cdc-4bbc-9ffe-b939358aa052}
	EndGlobalSection
EndGlobal
